
Microsoft Visual Studio Solution File, Format Version 12.00
# Visual Studio 15
VisualStudioVersion = 15.0.28010.2036
MinimumVisualStudioVersion = 10.0.40219.1
Project("{FAE04EC0-301F-11D3-BF4B-00C04F79EFBC}") = "RestAspNet", "RestAspNet\RestAspNet.csproj", "{168DE628-3290-4483-906D-15FCD4642FD4}"
EndProject
Global
	GlobalSection(SolutionConfigurationPlatforms) = preSolution
		Debug|Any CPU = Debug|Any CPU
		Release|Any CPU = Release|Any CPU
	EndGlobalSection
	GlobalSection(ProjectConfigurationPlatforms) = postSolution
		{168DE628-3290-4483-906D-15FCD4642FD4}.Debug|Any CPU.ActiveCfg = Debug|Any CPU
		{168DE628-3290-4483-906D-15FCD4642FD4}.Debug|Any CPU.Build.0 = Debug|Any CPU
		{168DE628-3290-4483-906D-15FCD4642FD4}.Release|Any CPU.ActiveCfg = Release|Any CPU
		{168DE628-3290-4483-906D-15FCD4642FD4}.Release|Any CPU.Build.0 = Release|Any CPU
	EndGlobalSection
	GlobalSection(SolutionProperties) = preSolution
		HideSolutionNode = FALSE
	EndGlobalSection
	GlobalSection(ExtensibilityGlobals) = postSolution
		SolutionGuid = {E1FCB6B1-1BB3-48A6-A12C-1E8A6EDD44BA}
	EndGlobalSection
EndGlobal
